
Microsoft Visual Studio Solution File, Format Version 12.00
# Visual Studio Version 16
VisualStudioVersion = 16.0.30804.86
MinimumVisualStudioVersion = 10.0.40219.1
Project("{9A19103F-16F7-4668-BE54-9A1E7A4F7556}") = "D02", "D02\D02.csproj", "{16D31E00-DF7A-4CA6-9D68-EFEFDD25E1CF}"
EndProject
Global
	GlobalSection(SolutionConfigurationPlatforms) = preSolution
		Debug|Any CPU = Debug|Any CPU
		Release|Any CPU = Release|Any CPU
	EndGlobalSection
	GlobalSection(ProjectConfigurationPlatforms) = postSolution
		{16D31E00-DF7A-4CA6-9D68-EFEFDD25E1CF}.Debug|Any CPU.ActiveCfg = Debug|Any CPU
		{16D31E00-DF7A-4CA6-9D68-EFEFDD25E1CF}.Debug|Any CPU.Build.0 = Debug|Any CPU
		{16D31E00-DF7A-4CA6-9D68-EFEFDD25E1CF}.Release|Any CPU.ActiveCfg = Release|Any CPU
		{16D31E00-DF7A-4CA6-9D68-EFEFDD25E1CF}.Release|Any CPU.Build.0 = Release|Any CPU
	EndGlobalSection
	GlobalSection(SolutionProperties) = preSolution
		HideSolutionNode = FALSE
	EndGlobalSection
	GlobalSection(ExtensibilityGlobals) = postSolution
		SolutionGuid = {833FAB00-0CA4-45FB-AB22-A2C8641173B2}
	EndGlobalSection
EndGlobal
