
Microsoft Visual Studio Solution File, Format Version 12.00
# Visual Studio Version 16
VisualStudioVersion = 16.0.30804.86
MinimumVisualStudioVersion = 10.0.40219.1
Project("{FAE04EC0-301F-11D3-BF4B-00C04F79EFBC}") = "D06", "D06\D06.csproj", "{A7AB74E1-6B3C-49CA-A692-A6AD91630F4F}"
EndProject
Global
	GlobalSection(SolutionConfigurationPlatforms) = preSolution
		Debug|Any CPU = Debug|Any CPU
		Release|Any CPU = Release|Any CPU
	EndGlobalSection
	GlobalSection(ProjectConfigurationPlatforms) = postSolution
		{A7AB74E1-6B3C-49CA-A692-A6AD91630F4F}.Debug|Any CPU.ActiveCfg = Debug|Any CPU
		{A7AB74E1-6B3C-49CA-A692-A6AD91630F4F}.Debug|Any CPU.Build.0 = Debug|Any CPU
		{A7AB74E1-6B3C-49CA-A692-A6AD91630F4F}.Release|Any CPU.ActiveCfg = Release|Any CPU
		{A7AB74E1-6B3C-49CA-A692-A6AD91630F4F}.Release|Any CPU.Build.0 = Release|Any CPU
	EndGlobalSection
	GlobalSection(SolutionProperties) = preSolution
		HideSolutionNode = FALSE
	EndGlobalSection
	GlobalSection(ExtensibilityGlobals) = postSolution
		SolutionGuid = {9F3D1BCD-BE0F-4C6F-89B5-8A78764CDEA1}
	EndGlobalSection
EndGlobal
